
Microsoft Visual Studio Solution File, Format Version 12.00
# Visual Studio 15
Project("{FAE04EC0-301F-11D3-BF4B-00C04F79EFBC}") = "NavApp.Android", "NavApp.Android\NavApp.Android.csproj", "{D41853AC-1DAF-4114-B4C0-F641DFF49556}"
EndProject
Project("{FAE04EC0-301F-11D3-BF4B-00C04F79EFBC}") = "NavApp.iOS", "NavApp.iOS\NavApp.iOS.csproj", "{A3828DA1-D355-4589-8047-F63C2781526F}"
EndProject
Project("{FAE04EC0-301F-11D3-BF4B-00C04F79EFBC}") = "NavApp", "NavApp\NavApp.csproj", "{4B28D1EA-D509-4CBC-A80D-0AFD9470134D}"
EndProject
Global
	GlobalSection(SolutionConfigurationPlatforms) = preSolution
		Debug|Any CPU = Debug|Any CPU
		Release|Any CPU = Release|Any CPU
		Debug|iPhoneSimulator = Debug|iPhoneSimulator
		Release|iPhoneSimulator = Release|iPhoneSimulator
		Debug|iPhone = Debug|iPhone
		Release|iPhone = Release|iPhone
		Ad-Hoc|iPhone = Ad-Hoc|iPhone
		AppStore|iPhone = AppStore|iPhone
	EndGlobalSection
	GlobalSection(ProjectConfigurationPlatforms) = postSolution
		{D41853AC-1DAF-4114-B4C0-F641DFF49556}.Debug|Any CPU.ActiveCfg = Debug|Any CPU
		{D41853AC-1DAF-4114-B4C0-F641DFF49556}.Debug|Any CPU.Build.0 = Debug|Any CPU
		{D41853AC-1DAF-4114-B4C0-F641DFF49556}.Release|Any CPU.ActiveCfg = Release|Any CPU
		{D41853AC-1DAF-4114-B4C0-F641DFF49556}.Release|Any CPU.Build.0 = Release|Any CPU
		{D41853AC-1DAF-4114-B4C0-F641DFF49556}.Debug|iPhoneSimulator.ActiveCfg = Debug|Any CPU
		{D41853AC-1DAF-4114-B4C0-F641DFF49556}.Debug|iPhoneSimulator.Build.0 = Debug|Any CPU
		{D41853AC-1DAF-4114-B4C0-F641DFF49556}.Release|iPhoneSimulator.ActiveCfg = Release|Any CPU
		{D41853AC-1DAF-4114-B4C0-F641DFF49556}.Release|iPhoneSimulator.Build.0 = Release|Any CPU
		{D41853AC-1DAF-4114-B4C0-F641DFF49556}.Debug|iPhone.ActiveCfg = Debug|Any CPU
		{D41853AC-1DAF-4114-B4C0-F641DFF49556}.Debug|iPhone.Build.0 = Debug|Any CPU
		{D41853AC-1DAF-4114-B4C0-F641DFF49556}.Release|iPhone.ActiveCfg = Release|Any CPU
		{D41853AC-1DAF-4114-B4C0-F641DFF49556}.Release|iPhone.Build.0 = Release|Any CPU
		{D41853AC-1DAF-4114-B4C0-F641DFF49556}.Ad-Hoc|iPhone.ActiveCfg = Debug|Any CPU
		{D41853AC-1DAF-4114-B4C0-F641DFF49556}.Ad-Hoc|iPhone.Build.0 = Debug|Any CPU
		{D41853AC-1DAF-4114-B4C0-F641DFF49556}.AppStore|iPhone.ActiveCfg = Debug|Any CPU
		{D41853AC-1DAF-4114-B4C0-F641DFF49556}.AppStore|iPhone.Build.0 = Debug|Any CPU
		{A3828DA1-D355-4589-8047-F63C2781526F}.Debug|Any CPU.ActiveCfg = Debug|iPhoneSimulator
		{A3828DA1-D355-4589-8047-F63C2781526F}.Debug|Any CPU.Build.0 = Debug|iPhoneSimulator
		{A3828DA1-D355-4589-8047-F63C2781526F}.Release|Any CPU.ActiveCfg = Release|iPhoneSimulator
		{A3828DA1-D355-4589-8047-F63C2781526F}.Release|Any CPU.Build.0 = Release|iPhoneSimulator
		{A3828DA1-D355-4589-8047-F63C2781526F}.Debug|iPhoneSimulator.ActiveCfg = Debug|iPhoneSimulator
		{A3828DA1-D355-4589-8047-F63C2781526F}.Debug|iPhoneSimulator.Build.0 = Debug|iPhoneSimulator
		{A3828DA1-D355-4589-8047-F63C2781526F}.Release|iPhoneSimulator.ActiveCfg = Release|iPhoneSimulator
		{A3828DA1-D355-4589-8047-F63C2781526F}.Release|iPhoneSimulator.Build.0 = Release|iPhoneSimulator
		{A3828DA1-D355-4589-8047-F63C2781526F}.Debug|iPhone.ActiveCfg = Debug|iPhone
		{A3828DA1-D355-4589-8047-F63C2781526F}.Debug|iPhone.Build.0 = Debug|iPhone
		{A3828DA1-D355-4589-8047-F63C2781526F}.Release|iPhone.ActiveCfg = Release|iPhone
		{A3828DA1-D355-4589-8047-F63C2781526F}.Release|iPhone.Build.0 = Release|iPhone
		{A3828DA1-D355-4589-8047-F63C2781526F}.Ad-Hoc|iPhone.ActiveCfg = Ad-Hoc|iPhone
		{A3828DA1-D355-4589-8047-F63C2781526F}.Ad-Hoc|iPhone.Build.0 = Ad-Hoc|iPhone
		{A3828DA1-D355-4589-8047-F63C2781526F}.AppStore|iPhone.ActiveCfg = AppStore|iPhone
		{A3828DA1-D355-4589-8047-F63C2781526F}.AppStore|iPhone.Build.0 = AppStore|iPhone
		{4B28D1EA-D509-4CBC-A80D-0AFD9470134D}.Debug|Any CPU.ActiveCfg = Debug|Any CPU
		{4B28D1EA-D509-4CBC-A80D-0AFD9470134D}.Debug|Any CPU.Build.0 = Debug|Any CPU
		{4B28D1EA-D509-4CBC-A80D-0AFD9470134D}.Release|Any CPU.ActiveCfg = Release|Any CPU
		{4B28D1EA-D509-4CBC-A80D-0AFD9470134D}.Release|Any CPU.Build.0 = Release|Any CPU
		{4B28D1EA-D509-4CBC-A80D-0AFD9470134D}.Debug|iPhoneSimulator.ActiveCfg = Debug|Any CPU
		{4B28D1EA-D509-4CBC-A80D-0AFD9470134D}.Debug|iPhoneSimulator.Build.0 = Debug|Any CPU
		{4B28D1EA-D509-4CBC-A80D-0AFD9470134D}.Release|iPhoneSimulator.ActiveCfg = Release|Any CPU
		{4B28D1EA-D509-4CBC-A80D-0AFD9470134D}.Release|iPhoneSimulator.Build.0 = Release|Any CPU
		{4B28D1EA-D509-4CBC-A80D-0AFD9470134D}.Debug|iPhone.ActiveCfg = Debug|Any CPU
		{4B28D1EA-D509-4CBC-A80D-0AFD9470134D}.Debug|iPhone.Build.0 = Debug|Any CPU
		{4B28D1EA-D509-4CBC-A80D-0AFD9470134D}.Release|iPhone.ActiveCfg = Release|Any CPU
		{4B28D1EA-D509-4CBC-A80D-0AFD9470134D}.Release|iPhone.Build.0 = Release|Any CPU
		{4B28D1EA-D509-4CBC-A80D-0AFD9470134D}.Ad-Hoc|iPhone.ActiveCfg = Debug|Any CPU
		{4B28D1EA-D509-4CBC-A80D-0AFD9470134D}.Ad-Hoc|iPhone.Build.0 = Debug|Any CPU
		{4B28D1EA-D509-4CBC-A80D-0AFD9470134D}.AppStore|iPhone.ActiveCfg = Debug|Any CPU
		{4B28D1EA-D509-4CBC-A80D-0AFD9470134D}.AppStore|iPhone.Build.0 = Debug|Any CPU
	EndGlobalSection
EndGlobal
